// !$*UTF8*$!
{
	archiveVersion = 1;
	classes = {
	};
	objectVersion = 48;
	objects = {

/* Begin PBXBuildFile section */
		119A8DE91FE9FE7200C1BCA2 /* AppDelegate.swift in Sources */ = {isa = PBXBuildFile; fileRef = 119A8DE81FE9FE7200C1BCA2 /* AppDelegate.swift */; };
		119A8DEB1FE9FE7200C1BCA2 /* ViewController.swift in Sources */ = {isa = PBXBuildFile; fileRef = 119A8DEA1FE9FE7200C1BCA2 /* ViewController.swift */; };
		119A8DEE1FE9FE7200C1BCA2 /* Main.storyboard in Resources */ = {isa = PBXBuildFile; fileRef = 119A8DEC1FE9FE7200C1BCA2 /* Main.storyboard */; };
		119A8DF01FE9FE7200C1BCA2 /* Assets.xcassets in Resources */ = {isa = PBXBuildFile; fileRef = 119A8DEF1FE9FE7200C1BCA2 /* Assets.xcassets */; };
		119A8DF31FE9FE7200C1BCA2 /* LaunchScreen.storyboard in Resources */ = {isa = PBXBuildFile; fileRef = 119A8DF11FE9FE7200C1BCA2 /* LaunchScreen.storyboard */; };
		119A8DFE1FE9FE7300C1BCA2 /* JacksExampleAppTests.swift in Sources */ = {isa = PBXBuildFile; fileRef = 119A8DFD1FE9FE7300C1BCA2 /* JacksExampleAppTests.swift */; };
		119A8E091FE9FE7300C1BCA2 /* JacksExampleAppUITests.swift in Sources */ = {isa = PBXBuildFile; fileRef = 119A8E081FE9FE7300C1BCA2 /* JacksExampleAppUITests.swift */; };
/* End PBXBuildFile section */

/* Begin PBXContainerItemProxy section */
		119A8DFA1FE9FE7200C1BCA2 /* PBXContainerItemProxy */ = {
			isa = PBXContainerItemProxy;
			containerPortal = 119A8DDD1FE9FE7100C1BCA2 /* Project object */;
			proxyType = 1;
			remoteGlobalIDString = 119A8DE41FE9FE7100C1BCA2;
			remoteInfo = JacksExampleApp;
		};
		119A8E051FE9FE7300C1BCA2 /* PBXContainerItemProxy */ = {
			isa = PBXContainerItemProxy;
			containerPortal = 119A8DDD1FE9FE7100C1BCA2 /* Project object */;
			proxyType = 1;
			remoteGlobalIDString = 119A8DE41FE9FE7100C1BCA2;
			remoteInfo = JacksExampleApp;
		};
/* End PBXContainerItemProxy section */

/* Begin PBXFileReference section */
		119A8DE51FE9FE7200C1BCA2 /* JacksExampleApp.app */ = {isa = PBXFileReference; explicitFileType = wrapper.application; includeInIndex = 0; path = JacksExampleApp.app; sourceTree = BUILT_PRODUCTS_DIR; };
		119A8DE81FE9FE7200C1BCA2 /* AppDelegate.swift */ = {isa = PBXFileReference; lastKnownFileType = sourcecode.swift; path = AppDelegate.swift; sourceTree = "<group>"; };
		119A8DEA1FE9FE7200C1BCA2 /* ViewController.swift */ = {isa = PBXFileReference; lastKnownFileType = sourcecode.swift; path = ViewController.swift; sourceTree = "<group>"; };
		119A8DED1FE9FE7200C1BCA2 /* Base */ = {isa = PBXFileReference; lastKnownFileType = file.storyboard; name = Base; path = Base.lproj/Main.storyboard; sourceTree = "<group>"; };
		119A8DEF1FE9FE7200C1BCA2 /* Assets.xcassets */ = {isa = PBXFileReference; lastKnownFileType = folder.assetcatalog; path = Assets.xcassets; sourceTree = "<group>"; };
		119A8DF21FE9FE7200C1BCA2 /* Base */ = {isa = PBXFileReference; lastKnownFileType = file.storyboard; name = Base; path = Base.lproj/LaunchScreen.storyboard; sourceTree = "<group>"; };
		119A8DF41FE9FE7200C1BCA2 /* Info.plist */ = {isa = PBXFileReference; lastKnownFileType = text.plist.xml; path = Info.plist; sourceTree = "<group>"; };
		119A8DF91FE9FE7200C1BCA2 /* JacksExampleAppTests.xctest */ = {isa = PBXFileReference; explicitFileType = wrapper.cfbundle; includeInIndex = 0; path = JacksExampleAppTests.xctest; sourceTree = BUILT_PRODUCTS_DIR; };
		119A8DFD1FE9FE7300C1BCA2 /* JacksExampleAppTests.swift */ = {isa = PBXFileReference; lastKnownFileType = sourcecode.swift; path = JacksExampleAppTests.swift; sourceTree = "<group>"; };
		119A8DFF1FE9FE7300C1BCA2 /* Info.plist */ = {isa = PBXFileReference; lastKnownFileType = text.plist.xml; path = Info.plist; sourceTree = "<group>"; };
		119A8E041FE9FE7300C1BCA2 /* JacksExampleAppUITests.xctest */ = {isa = PBXFileReference; explicitFileType = wrapper.cfbundle; includeInIndex = 0; path = JacksExampleAppUITests.xctest; sourceTree = BUILT_PRODUCTS_DIR; };
		119A8E081FE9FE7300C1BCA2 /* JacksExampleAppUITests.swift */ = {isa = PBXFileReference; lastKnownFileType = sourcecode.swift; path = JacksExampleAppUITests.swift; sourceTree = "<group>"; };
		119A8E0A1FE9FE7300C1BCA2 /* Info.plist */ = {isa = PBXFileReference; lastKnownFileType = text.plist.xml; path = Info.plist; sourceTree = "<group>"; };
/* End PBXFileReference section */

/* Begin PBXFrameworksBuildPhase section */
		119A8DE21FE9FE7100C1BCA2 /* Frameworks */ = {
			isa = PBXFrameworksBuildPhase;
			buildActionMask = 2147483647;
			files = (
			);
			runOnlyForDeploymentPostprocessing = 0;
		};
		119A8DF61FE9FE7200C1BCA2 /* Frameworks */ = {
			isa = PBXFrameworksBuildPhase;
			buildActionMask = 2147483647;
			files = (
			);
			runOnlyForDeploymentPostprocessing = 0;
		};
		119A8E011FE9FE7300C1BCA2 /* Frameworks */ = {
			isa = PBXFrameworksBuildPhase;
			buildActionMask = 2147483647;
			files = (
			);
			runOnlyForDeploymentPostprocessing = 0;
		};
/* End PBXFrameworksBuildPhase section */

/* Begin PBXGroup section */
		119A8DDC1FE9FE7100C1BCA2 = {
			isa = PBXGroup;
			children = (
				119A8DE71FE9FE7200C1BCA2 /* JacksExampleApp */,
				119A8DFC1FE9FE7300C1BCA2 /* JacksExampleAppTests */,
				119A8E071FE9FE7300C1BCA2 /* JacksExampleAppUITests */,
				119A8DE61FE9FE7200C1BCA2 /* Products */,
			);
			sourceTree = "<group>";
		};
		119A8DE61FE9FE7200C1BCA2 /* Products */ = {
			isa = PBXGroup;
			children = (
				119A8DE51FE9FE7200C1BCA2 /* JacksExampleApp.app */,
				119A8DF91FE9FE7200C1BCA2 /* JacksExampleAppTests.xctest */,
				119A8E041FE9FE7300C1BCA2 /* JacksExampleAppUITests.xctest */,
			);
			name = Products;
			sourceTree = "<group>";
		};
		119A8DE71FE9FE7200C1BCA2 /* JacksExampleApp */ = {
			isa = PBXGroup;
			children = (
				119A8DE81FE9FE7200C1BCA2 /* AppDelegate.swift */,
				119A8DEA1FE9FE7200C1BCA2 /* ViewController.swift */,
				119A8DEC1FE9FE7200C1BCA2 /* Main.storyboard */,
				119A8DEF1FE9FE7200C1BCA2 /* Assets.xcassets */,
				119A8DF11FE9FE7200C1BCA2 /* LaunchScreen.storyboard */,
				119A8DF41FE9FE7200C1BCA2 /* Info.plist */,
			);
			path = JacksExampleApp;
			sourceTree = "<group>";
		};
		119A8DFC1FE9FE7300C1BCA2 /* JacksExampleAppTests */ = {
			isa = PBXGroup;
			children = (
				119A8DFD1FE9FE7300C1BCA2 /* JacksExampleAppTests.swift */,
				119A8DFF1FE9FE7300C1BCA2 /* Info.plist */,
			);
			path = JacksExampleAppTests;
			sourceTree = "<group>";
		};
		119A8E071FE9FE7300C1BCA2 /* JacksExampleAppUITests */ = {
			isa = PBXGroup;
			children = (
				119A8E081FE9FE7300C1BCA2 /* JacksExampleAppUITests.swift */,
				119A8E0A1FE9FE7300C1BCA2 /* Info.plist */,
			);
			path = JacksExampleAppUITests;
			sourceTree = "<group>";
		};
/* End PBXGroup section */

/* Begin PBXNativeTarget section */
		119A8DE41FE9FE7100C1BCA2 /* JacksExampleApp */ = {
			isa = PBXNativeTarget;
			buildConfigurationList = 119A8E0D1FE9FE7300C1BCA2 /* Build configuration list for PBXNativeTarget "JacksExampleApp" */;
			buildPhases = (
				119A8DE11FE9FE7100C1BCA2 /* Sources */,
				119A8DE21FE9FE7100C1BCA2 /* Frameworks */,
				119A8DE31FE9FE7100C1BCA2 /* Resources */,
			);
			buildRules = (
			);
			dependencies = (
			);
			name = JacksExampleApp;
			productName = JacksExampleApp;
			productReference = 119A8DE51FE9FE7200C1BCA2 /* JacksExampleApp.app */;
			productType = "com.apple.product-type.application";
		};
		119A8DF81FE9FE7200C1BCA2 /* JacksExampleAppTests */ = {
			isa = PBXNativeTarget;
			buildConfigurationList = 119A8E101FE9FE7300C1BCA2 /* Build configuration list for PBXNativeTarget "JacksExampleAppTests" */;
			buildPhases = (
				119A8DF51FE9FE7200C1BCA2 /* Sources */,
				119A8DF61FE9FE7200C1BCA2 /* Frameworks */,
				119A8DF71FE9FE7200C1BCA2 /* Resources */,
			);
			buildRules = (
			);
			dependencies = (
				119A8DFB1FE9FE7200C1BCA2 /* PBXTargetDependency */,
			);
			name = JacksExampleAppTests;
			productName = JacksExampleAppTests;
			productReference = 119A8DF91FE9FE7200C1BCA2 /* JacksExampleAppTests.xctest */;
			productType = "com.apple.product-type.bundle.unit-test";
		};
		119A8E031FE9FE7300C1BCA2 /* JacksExampleAppUITests */ = {
			isa = PBXNativeTarget;
			buildConfigurationList = 119A8E131FE9FE7300C1BCA2 /* Build configuration list for PBXNativeTarget "JacksExampleAppUITests" */;
			buildPhases = (
				119A8E001FE9FE7300C1BCA2 /* Sources */,
				119A8E011FE9FE7300C1BCA2 /* Frameworks */,
				119A8E021FE9FE7300C1BCA2 /* Resources */,
			);
			buildRules = (
			);
			dependencies = (
				119A8E061FE9FE7300C1BCA2 /* PBXTargetDependency */,
			);
			name = JacksExampleAppUITests;
			productName = JacksExampleAppUITests;
			productReference = 119A8E041FE9FE7300C1BCA2 /* JacksExampleAppUITests.xctest */;
			productType = "com.apple.product-type.bundle.ui-testing";
		};
/* End PBXNativeTarget section */

/* Begin PBXProject section */
		119A8DDD1FE9FE7100C1BCA2 /* Project object */ = {
			isa = PBXProject;
			attributes = {
				LastSwiftUpdateCheck = 0900;
				LastUpgradeCheck = 0900;
				ORGANIZATIONNAME = R;
				TargetAttributes = {
					119A8DE41FE9FE7100C1BCA2 = {
						CreatedOnToolsVersion = 9.0;
						ProvisioningStyle = Automatic;
					};
					119A8DF81FE9FE7200C1BCA2 = {
						CreatedOnToolsVersion = 9.0;
						ProvisioningStyle = Automatic;
						TestTargetID = 119A8DE41FE9FE7100C1BCA2;
					};
					119A8E031FE9FE7300C1BCA2 = {
						CreatedOnToolsVersion = 9.0;
						ProvisioningStyle = Automatic;
						TestTargetID = 119A8DE41FE9FE7100C1BCA2;
					};
				};
			};
			buildConfigurationList = 119A8DE01FE9FE7100C1BCA2 /* Build configuration list for PBXProject "JacksExampleApp" */;
			compatibilityVersion = "Xcode 8.0";
			developmentRegion = en;
			hasScannedForEncodings = 0;
			knownRegions = (
				en,
				Base,
			);
			mainGroup = 119A8DDC1FE9FE7100C1BCA2;
			productRefGroup = 119A8DE61FE9FE7200C1BCA2 /* Products */;
			projectDirPath = "";
			projectRoot = "";
			targets = (
				119A8DE41FE9FE7100C1BCA2 /* JacksExampleApp */,
				119A8DF81FE9FE7200C1BCA2 /* JacksExampleAppTests */,
				119A8E031FE9FE7300C1BCA2 /* JacksExampleAppUITests */,
			);
		};
/* End PBXProject section */

/* Begin PBXResourcesBuildPhase section */
		119A8DE31FE9FE7100C1BCA2 /* Resources */ = {
			isa = PBXResourcesBuildPhase;
			buildActionMask = 2147483647;
			files = (
				119A8DF31FE9FE7200C1BCA2 /* LaunchScreen.storyboard in Resources */,
				119A8DF01FE9FE7200C1BCA2 /* Assets.xcassets in Resources */,
				119A8DEE1FE9FE7200C1BCA2 /* Main.storyboard in Resources */,
			);
			runOnlyForDeploymentPostprocessing = 0;
		};
		119A8DF71FE9FE7200C1BCA2 /* Resources */ = {
			isa = PBXResourcesBuildPhase;
			buildActionMask = 2147483647;
			files = (
			);
			runOnlyForDeploymentPostprocessing = 0;
		};
		119A8E021FE9FE7300C1BCA2 /* Resources */ = {
			isa = PBXResourcesBuildPhase;
			buildActionMask = 2147483647;
			files = (
			);
			runOnlyForDeploymentPostprocessing = 0;
		};
/* End PBXResourcesBuildPhase section */

/* Begin PBXSourcesBuildPhase section */
		119A8DE11FE9FE7100C1BCA2 /* Sources */ = {
			isa = PBXSourcesBuildPhase;
			buildActionMask = 2147483647;
			files = (
				119A8DEB1FE9FE7200C1BCA2 /* ViewController.swift in Sources */,
				119A8DE91FE9FE7200C1BCA2 /* AppDelegate.swift in Sources */,
			);
			runOnlyForDeploymentPostprocessing = 0;
		};
		119A8DF51FE9FE7200C1BCA2 /* Sources */ = {
			isa = PBXSourcesBuildPhase;
			buildActionMask = 2147483647;
			files = (
				119A8DFE1FE9FE7300C1BCA2 /* JacksExampleAppTests.swift in Sources */,
			);
			runOnlyForDeploymentPostprocessing = 0;
		};
		119A8E001FE9FE7300C1BCA2 /* Sources */ = {
			isa = PBXSourcesBuildPhase;
			buildActionMask = 2147483647;
			files = (
				119A8E091FE9FE7300C1BCA2 /* JacksExampleAppUITests.swift in Sources */,
			);
			runOnlyForDeploymentPostprocessing = 0;
		};
/* End PBXSourcesBuildPhase section */

/* Begin PBXTargetDependency section */
		119A8DFB1FE9FE7200C1BCA2 /* PBXTargetDependency */ = {
			isa = PBXTargetDependency;
			target = 119A8DE41FE9FE7100C1BCA2 /* JacksExampleApp */;
			targetProxy = 119A8DFA1FE9FE7200C1BCA2 /* PBXContainerItemProxy */;
		};
		119A8E061FE9FE7300C1BCA2 /* PBXTargetDependency */ = {
			isa = PBXTargetDependency;
			target = 119A8DE41FE9FE7100C1BCA2 /* JacksExampleApp */;
			targetProxy = 119A8E051FE9FE7300C1BCA2 /* PBXContainerItemProxy */;
		};
/* End PBXTargetDependency section */

/* Begin PBXVariantGroup section */
		119A8DEC1FE9FE7200C1BCA2 /* Main.storyboard */ = {
			isa = PBXVariantGroup;
			children = (
				119A8DED1FE9FE7200C1BCA2 /* Base */,
			);
			name = Main.storyboard;
			sourceTree = "<group>";
		};
		119A8DF11FE9FE7200C1BCA2 /* LaunchScreen.storyboard */ = {
			isa = PBXVariantGroup;
			children = (
				119A8DF21FE9FE7200C1BCA2 /* Base */,
			);
			name = LaunchScreen.storyboard;
			sourceTree = "<group>";
		};
/* End PBXVariantGroup section */

/* Begin XCBuildConfiguration section */
		119A8E0B1FE9FE7300C1BCA2 /* Debug */ = {
			isa = XCBuildConfiguration;
			buildSettings = {
				ALWAYS_SEARCH_USER_PATHS = NO;
				CLANG_ANALYZER_NONNULL = YES;
				CLANG_ANALYZER_NUMBER_OBJECT_CONVERSION = YES_AGGRESSIVE;
				CLANG_CXX_LANGUAGE_STANDARD = "gnu++14";
				CLANG_CXX_LIBRARY = "libc++";
				CLANG_ENABLE_MODULES = YES;
				CLANG_ENABLE_OBJC_ARC = YES;
				CLANG_WARN_BLOCK_CAPTURE_AUTORELEASING = YES;
				CLANG_WARN_BOOL_CONVERSION = YES;
				CLANG_WARN_COMMA = YES;
				CLANG_WARN_CONSTANT_CONVERSION = YES;
				CLANG_WARN_DIRECT_OBJC_ISA_USAGE = YES_ERROR;
				CLANG_WARN_DOCUMENTATION_COMMENTS = YES;
				CLANG_WARN_EMPTY_BODY = YES;
				CLANG_WARN_ENUM_CONVERSION = YES;
				CLANG_WARN_INFINITE_RECURSION = YES;
				CLANG_WARN_INT_CONVERSION = YES;
				CLANG_WARN_NON_LITERAL_NULL_CONVERSION = YES;
				CLANG_WARN_OBJC_LITERAL_CONVERSION = YES;
				CLANG_WARN_OBJC_ROOT_CLASS = YES_ERROR;
				CLANG_WARN_RANGE_LOOP_ANALYSIS = YES;
				CLANG_WARN_STRICT_PROTOTYPES = YES;
				CLANG_WARN_SUSPICIOUS_MOVE = YES;
				CLANG_WARN_UNGUARDED_AVAILABILITY = YES_AGGRESSIVE;
				CLANG_WARN_UNREACHABLE_CODE = YES;
				CLANG_WARN__DUPLICATE_METHOD_MATCH = YES;
				CODE_SIGN_IDENTITY = "iPhone Developer";
				COPY_PHASE_STRIP = NO;
				DEBUG_INFORMATION_FORMAT = dwarf;
				ENABLE_STRICT_OBJC_MSGSEND = YES;
				ENABLE_TESTABILITY = YES;
				GCC_C_LANGUAGE_STANDARD = gnu11;
				GCC_DYNAMIC_NO_PIC = NO;
				GCC_NO_COMMON_BLOCKS = YES;
				GCC_OPTIMIZATION_LEVEL = 0;
				GCC_PREPROCESSOR_DEFINITIONS = (
					"DEBUG=1",
					"$(inherited)",
				);
				GCC_WARN_64_TO_32_BIT_CONVERSION = YES;
				GCC_WARN_ABOUT_RETURN_TYPE = YES_ERROR;
				GCC_WARN_UNDECLARED_SELECTOR = YES;
				GCC_WARN_UNINITIALIZED_AUTOS = YES_AGGRESSIVE;
				GCC_WARN_UNUSED_FUNCTION = YES;
				GCC_WARN_UNUSED_VARIABLE = YES;
				IPHONEOS_DEPLOYMENT_TARGET = 11.0;
				MTL_ENABLE_DEBUG_INFO = YES;
				ONLY_ACTIVE_ARCH = YES;
				SDKROOT = iphoneos;
				SWIFT_ACTIVE_COMPILATION_CONDITIONS = DEBUG;
				SWIFT_OPTIMIZATION_LEVEL = "-Onone";
			};
			name = Debug;
		};
		119A8E0C1FE9FE7300C1BCA2 /* Release */ = {
			isa = XCBuildConfiguration;
			buildSettings = {
				ALWAYS_SEARCH_USER_PATHS = NO;
				CLANG_ANALYZER_NONNULL = YES;
				CLANG_ANALYZER_NUMBER_OBJECT_CONVERSION = YES_AGGRESSIVE;
				CLANG_CXX_LANGUAGE_STANDARD = "gnu++14";
				CLANG_CXX_LIBRARY = "libc++";
				CLANG_ENABLE_MODULES = YES;
				CLANG_ENABLE_OBJC_ARC = YES;
				CLANG_WARN_BLOCK_CAPTURE_AUTORELEASING = YES;
				CLANG_WARN_BOOL_CONVERSION = YES;
				CLANG_WARN_COMMA = YES;
				CLANG_WARN_CONSTANT_CONVERSION = YES;
				CLANG_WARN_DIRECT_OBJC_ISA_USAGE = YES_ERROR;
				CLANG_WARN_DOCUMENTATION_COMMENTS = YES;
				CLANG_WARN_EMPTY_BODY = YES;
				CLANG_WARN_ENUM_CONVERSION = YES;
				CLANG_WARN_INFINITE_RECURSION = YES;
				CLANG_WARN_INT_CONVERSION = YES;
				CLANG_WARN_NON_LITERAL_NULL_CONVERSION = YES;
				CLANG_WARN_OBJC_LITERAL_CONVERSION = YES;
				CLANG_WARN_OBJC_ROOT_CLASS = YES_ERROR;
				CLANG_WARN_RANGE_LOOP_ANALYSIS = YES;
				CLANG_WARN_STRICT_PROTOTYPES = YES;
				CLANG_WARN_SUSPICIOUS_MOVE = YES;
				CLANG_WARN_UNGUARDED_AVAILABILITY = YES_AGGRESSIVE;
				CLANG_WARN_UNREACHABLE_CODE = YES;
				CLANG_WARN__DUPLICATE_METHOD_MATCH = YES;
				CODE_SIGN_IDENTITY = "iPhone Developer";
				COPY_PHASE_STRIP = NO;
				DEBUG_INFORMATION_FORMAT = "dwarf-with-dsym";
				ENABLE_NS_ASSERTIONS = NO;
				ENABLE_STRICT_OBJC_MSGSEND = YES;
				GCC_C_LANGUAGE_STANDARD = gnu11;
				GCC_NO_COMMON_BLOCKS = YES;
				GCC_WARN_64_TO_32_BIT_CONVERSION = YES;
				GCC_WARN_ABOUT_RETURN_TYPE = YES_ERROR;
				GCC_WARN_UNDECLARED_SELECTOR = YES;
				GCC_WARN_UNINITIALIZED_AUTOS = YES_AGGRESSIVE;
				GCC_WARN_UNUSED_FUNCTION = YES;
				GCC_WARN_UNUSED_VARIABLE = YES;
				IPHONEOS_DEPLOYMENT_TARGET = 11.0;
				MTL_ENABLE_DEBUG_INFO = NO;
				SDKROOT = iphoneos;
				SWIFT_OPTIMIZATION_LEVEL = "-Owholemodule";
				VALIDATE_PRODUCT = YES;
			};
			name = Release;
		};
		119A8E0E1FE9FE7300C1BCA2 /* Debug */ = {
			isa = XCBuildConfiguration;
			buildSettings = {
				ASSETCATALOG_COMPILER_APPICON_NAME = AppIcon;
				CODE_SIGN_STYLE = Automatic;
				INFOPLIST_FILE = JacksExampleApp/Info.plist;
				LD_RUNPATH_SEARCH_PATHS = "$(inherited) @executable_path/Frameworks";
				PRODUCT_BUNDLE_IDENTIFIER = jack.JacksExampleApp;
				PRODUCT_NAME = "$(TARGET_NAME)";
				SWIFT_VERSION = 4.0;
				TARGETED_DEVICE_FAMILY = "1,2";
			};
			name = Debug;
		};
		119A8E0F1FE9FE7300C1BCA2 /* Release */ = {
			isa = XCBuildConfiguration;
			buildSettings = {
				ASSETCATALOG_COMPILER_APPICON_NAME = AppIcon;
				CODE_SIGN_STYLE = Automatic;
				INFOPLIST_FILE = JacksExampleApp/Info.plist;
				LD_RUNPATH_SEARCH_PATHS = "$(inherited) @executable_path/Frameworks";
				PRODUCT_BUNDLE_IDENTIFIER = jack.JacksExampleApp;
				PRODUCT_NAME = "$(TARGET_NAME)";
				SWIFT_VERSION = 4.0;
				TARGETED_DEVICE_FAMILY = "1,2";
			};
			name = Release;
		};
		119A8E111FE9FE7300C1BCA2 /* Debug */ = {
			isa = XCBuildConfiguration;
			buildSettings = {
				ALWAYS_EMBED_SWIFT_STANDARD_LIBRARIES = YES;
				BUNDLE_LOADER = "$(TEST_HOST)";
				CODE_SIGN_STYLE = Automatic;
				INFOPLIST_FILE = JacksExampleAppTests/Info.plist;
				LD_RUNPATH_SEARCH_PATHS = "$(inherited) @executable_path/Frameworks @loader_path/Frameworks";
				PRODUCT_BUNDLE_IDENTIFIER = jack.JacksExampleAppTests;
				PRODUCT_NAME = "$(TARGET_NAME)";
				SWIFT_VERSION = 4.0;
				TARGETED_DEVICE_FAMILY = "1,2";
				TEST_HOST = "$(BUILT_PRODUCTS_DIR)/JacksExampleApp.app/JacksExampleApp";
			};
			name = Debug;
		};
		119A8E121FE9FE7300C1BCA2 /* Release */ = {
			isa = XCBuildConfiguration;
			buildSettings = {
				ALWAYS_EMBED_SWIFT_STANDARD_LIBRARIES = YES;
				BUNDLE_LOADER = "$(TEST_HOST)";
				CODE_SIGN_STYLE = Automatic;
				INFOPLIST_FILE = JacksExampleAppTests/Info.plist;
				LD_RUNPATH_SEARCH_PATHS = "$(inherited) @executable_path/Frameworks @loader_path/Frameworks";
				PRODUCT_BUNDLE_IDENTIFIER = jack.JacksExampleAppTests;
				PRODUCT_NAME = "$(TARGET_NAME)";
				SWIFT_VERSION = 4.0;
				TARGETED_DEVICE_FAMILY = "1,2";
				TEST_HOST = "$(BUILT_PRODUCTS_DIR)/JacksExampleApp.app/JacksExampleApp";
			};
			name = Release;
		};
		119A8E141FE9FE7300C1BCA2 /* Debug */ = {
			isa = XCBuildConfiguration;
			buildSettings = {
				ALWAYS_EMBED_SWIFT_STANDARD_LIBRARIES = YES;
				CODE_SIGN_STYLE = Automatic;
				INFOPLIST_FILE = JacksExampleAppUITests/Info.plist;
				LD_RUNPATH_SEARCH_PATHS = "$(inherited) @executable_path/Frameworks @loader_path/Frameworks";
				PRODUCT_BUNDLE_IDENTIFIER = jack.JacksExampleAppUITests;
				PRODUCT_NAME = "$(TARGET_NAME)";
				SWIFT_VERSION = 4.0;
				TARGETED_DEVICE_FAMILY = "1,2";
				TEST_TARGET_NAME = JacksExampleApp;
			};
			name = Debug;
		};
		119A8E151FE9FE7300C1BCA2 /* Release */ = {
			isa = XCBuildConfiguration;
			buildSettings = {
				ALWAYS_EMBED_SWIFT_STANDARD_LIBRARIES = YES;
				CODE_SIGN_STYLE = Automatic;
				INFOPLIST_FILE = JacksExampleAppUITests/Info.plist;
				LD_RUNPATH_SEARCH_PATHS = "$(inherited) @executable_path/Frameworks @loader_path/Frameworks";
				PRODUCT_BUNDLE_IDENTIFIER = jack.JacksExampleAppUITests;
				PRODUCT_NAME = "$(TARGET_NAME)";
				SWIFT_VERSION = 4.0;
				TARGETED_DEVICE_FAMILY = "1,2";
				TEST_TARGET_NAME = JacksExampleApp;
			};
			name = Release;
		};
/* End XCBuildConfiguration section */

/* Begin XCConfigurationList section */
		119A8DE01FE9FE7100C1BCA2 /* Build configuration list for PBXProject "JacksExampleApp" */ = {
			isa = XCConfigurationList;
			buildConfigurations = (
				119A8E0B1FE9FE7300C1BCA2 /* Debug */,
				119A8E0C1FE9FE7300C1BCA2 /* Release */,
			);
			defaultConfigurationIsVisible = 0;
			defaultConfigurationName = Release;
		};
		119A8E0D1FE9FE7300C1BCA2 /* Build configuration list for PBXNativeTarget "JacksExampleApp" */ = {
			isa = XCConfigurationList;
			buildConfigurations = (
				119A8E0E1FE9FE7300C1BCA2 /* Debug */,
				119A8E0F1FE9FE7300C1BCA2 /* Release */,
			);
			defaultConfigurationIsVisible = 0;
			defaultConfigurationName = Release;
		};
		119A8E101FE9FE7300C1BCA2 /* Build configuration list for PBXNativeTarget "JacksExampleAppTests" */ = {
			isa = XCConfigurationList;
			buildConfigurations = (
				119A8E111FE9FE7300C1BCA2 /* Debug */,
				119A8E121FE9FE7300C1BCA2 /* Release */,
			);
			defaultConfigurationIsVisible = 0;
			defaultConfigurationName = Release;
		};
		119A8E131FE9FE7300C1BCA2 /* Build configuration list for PBXNativeTarget "JacksExampleAppUITests" */ = {
			isa = XCConfigurationList;
			buildConfigurations = (
				119A8E141FE9FE7300C1BCA2 /* Debug */,
				119A8E151FE9FE7300C1BCA2 /* Release */,
			);
			defaultConfigurationIsVisible = 0;
			defaultConfigurationName = Release;
		};
/* End XCConfigurationList section */
	};
	rootObject = 119A8DDD1FE9FE7100C1BCA2 /* Project object */;
}
